
Microsoft Visual Studio Solution File, Format Version 12.00
# Visual Studio Version 17
VisualStudioVersion = 17.8.34330.188
MinimumVisualStudioVersion = 10.0.40219.1
Project("{2150E333-8FDC-42A3-9474-1A3956D46DE8}") = "Services", "Services", "{9B8A74E7-1864-466E-8D7E-26611FE533B6}"
EndProject
Project("{2150E333-8FDC-42A3-9474-1A3956D46DE8}") = "Catalog", "Catalog", "{8A303377-E7F7-4D6E-A1E0-52FAA56B7408}"
EndProject
Project("{9A19103F-16F7-4668-BE54-9A1E7A4F7556}") = "MultiShop.Catalog", "Services\Catalog\MultiShop.Catalog\MultiShop.Catalog.csproj", "{69A874F1-C87D-4C6C-9492-812C70F28B05}"
EndProject
Project("{2150E333-8FDC-42A3-9474-1A3956D46DE8}") = "Discount", "Discount", "{12BFA197-E03E-438B-B449-6AF6DD8826C0}"
EndProject
Project("{9A19103F-16F7-4668-BE54-9A1E7A4F7556}") = "MultiShop.Discount", "Services\Discount\MultiShop.Discount\MultiShop.Discount.csproj", "{0AE2F783-E6FC-41E8-8B4C-071FD1869AD1}"
EndProject
Project("{2150E333-8FDC-42A3-9474-1A3956D46DE8}") = "Order", "Order", "{7E33A78B-625B-4B88-ABF5-C1FEFBA947BA}"
EndProject
Project("{2150E333-8FDC-42A3-9474-1A3956D46DE8}") = "Core", "Core", "{871F4D6C-536E-4457-9516-9C756B55BDBE}"
EndProject
Project("{2150E333-8FDC-42A3-9474-1A3956D46DE8}") = "Presentation", "Presentation", "{DBBA01E5-B2DF-4B0A-8E99-6A60FBB18213}"
EndProject
Project("{2150E333-8FDC-42A3-9474-1A3956D46DE8}") = "Infrastructure", "Infrastructure", "{5AC7F97D-EBB7-48B4-939E-6320E4EB13B9}"
EndProject
Project("{9A19103F-16F7-4668-BE54-9A1E7A4F7556}") = "MultiShop.Order.Domain", "Services\Order\Core\MultiShop.Order.Domain\MultiShop.Order.Domain.csproj", "{605E6279-FAF6-4552-8C55-E0C30FCC51C7}"
EndProject
Project("{9A19103F-16F7-4668-BE54-9A1E7A4F7556}") = "MultiShop.Order.Application", "Services\Order\Core\MultiShop.Order.Application\MultiShop.Order.Application.csproj", "{65AC15D2-EFCB-4B4A-B399-D9A13D3E09E2}"
EndProject
Project("{9A19103F-16F7-4668-BE54-9A1E7A4F7556}") = "MultiShop.Order.Persistence", "Services\Core\Infrastructure\MultiShop.Order.Persistence\MultiShop.Order.Persistence.csproj", "{364ABBFF-7DD1-42A1-B44E-5B6B14E19B41}"
EndProject
Project("{9A19103F-16F7-4668-BE54-9A1E7A4F7556}") = "MultiShop.Order.WebApi", "Services\Order\Presentation\MultiShop.Order.WebApi\MultiShop.Order.WebApi.csproj", "{75716309-BDD0-4401-8EAC-6E80D8D5FFF1}"
EndProject
Project("{2150E333-8FDC-42A3-9474-1A3956D46DE8}") = "IdentityServer", "IdentityServer", "{409A0ABB-22B5-4E9A-8297-8182E3FAA20E}"
EndProject
Project("{9A19103F-16F7-4668-BE54-9A1E7A4F7556}") = "MultiShop.IdentityServer", "IdentityServer\MultiShop.IdentityServer\MultiShop.IdentityServer.csproj", "{581002A9-6A89-4156-BC81-D55ED114B28D}"
EndProject
Project("{2150E333-8FDC-42A3-9474-1A3956D46DE8}") = "Cargo", "Cargo", "{53BC8DE9-F4DB-43E3-AACE-F43994D73F55}"
EndProject
Project("{9A19103F-16F7-4668-BE54-9A1E7A4F7556}") = "MultiShop.Cargo.BusinessLayer", "Services\Cargo\MultiShop.Cargo.BusinessLayer\MultiShop.Cargo.BusinessLayer.csproj", "{D2B1C894-FE4C-40EB-B188-831B64FE4EAF}"
EndProject
Project("{9A19103F-16F7-4668-BE54-9A1E7A4F7556}") = "MultiShop.Cargo.DataAccessLayer", "Services\Cargo\MultiShop.Cargo.DataAccessLayer\MultiShop.Cargo.DataAccessLayer.csproj", "{588AE5AE-4E2B-40FF-81FD-1952CB1CD254}"
EndProject
Project("{9A19103F-16F7-4668-BE54-9A1E7A4F7556}") = "MultiShop.Cargo.DtoLayer", "Services\Cargo\MultiShop.Cargo.DtoLayer\MultiShop.Cargo.DtoLayer.csproj", "{3CD543A6-66B4-4931-8A58-3D33D31E8B88}"
EndProject
Project("{9A19103F-16F7-4668-BE54-9A1E7A4F7556}") = "MultiShop.Cargo.EntityLayer", "Services\Cargo\MultiShop.Cargo.EntityLayer\MultiShop.Cargo.EntityLayer.csproj", "{FB1A735E-D48D-4AC3-AD35-C5F452A736C2}"
EndProject
Project("{9A19103F-16F7-4668-BE54-9A1E7A4F7556}") = "MultiShop.Cargo.WebApi", "Services\Cargo\MultiShop.Cargo.WebApi\MultiShop.Cargo.WebApi.csproj", "{6247D34F-3F26-4A7A-8D26-4BF532FD613F}"
EndProject
Project("{2150E333-8FDC-42A3-9474-1A3956D46DE8}") = "Basket", "Basket", "{6BA96F75-68EA-4C3A-B5EE-A6660A3A2E37}"
EndProject
Project("{9A19103F-16F7-4668-BE54-9A1E7A4F7556}") = "MultiShop.Basket", "Services\Basket\MultiShop.Basket\MultiShop.Basket.csproj", "{438914EE-AC2F-4448-B3E2-D7BACEEAAFB2}"
EndProject
Project("{2150E333-8FDC-42A3-9474-1A3956D46DE8}") = "Frontends", "Frontends", "{CEC33453-0C53-4660-9519-E851E7FCAB6F}"
EndProject
Project("{9A19103F-16F7-4668-BE54-9A1E7A4F7556}") = "MultiShop.WebUI", "Frontends\MultiShop.WebUI\MultiShop.WebUI.csproj", "{6054254C-C0E8-46D8-9E72-D19F594C0741}"
EndProject
Project("{9A19103F-16F7-4668-BE54-9A1E7A4F7556}") = "MultiShop.DtoLayer", "Frontends\MultiShop.DtoLayer\MultiShop.DtoLayer.csproj", "{8480EE0B-DB31-45A6-99F2-8858477CC4E4}"
EndProject
Project("{2150E333-8FDC-42A3-9474-1A3956D46DE8}") = "Comment", "Comment", "{222C118D-7CD3-4D4A-963A-1BE1CF5061E7}"
EndProject
Project("{9A19103F-16F7-4668-BE54-9A1E7A4F7556}") = "MultiShop.Comment", "Services\Comment\MultiShop.Comment\MultiShop.Comment.csproj", "{54C0ED4E-7906-49CB-9F2B-0B3DF4FA1F59}"
EndProject
Project("{2150E333-8FDC-42A3-9474-1A3956D46DE8}") = "ApiGateway", "ApiGateway", "{F7A7450F-32EA-4832-A1B6-2DAE9A28F7C6}"
EndProject
Project("{2150E333-8FDC-42A3-9474-1A3956D46DE8}") = "RapidApi", "RapidApi", "{B9983709-872E-48C8-A3C8-65DC9522D221}"
EndProject
Project("{9A19103F-16F7-4668-BE54-9A1E7A4F7556}") = "MultiShop.OcelotGateway", "ApiGateway\MultiShop.OcelotGateway\MultiShop.OcelotGateway.csproj", "{20EA47CE-8916-4BA3-BBD4-B7F8A498BC9C}"
EndProject
Project("{2150E333-8FDC-42A3-9474-1A3956D46DE8}") = "Payment", "Payment", "{612BFE58-8596-4A04-B247-CE7836633864}"
EndProject
Project("{9A19103F-16F7-4668-BE54-9A1E7A4F7556}") = "MultiShop.Payment", "Services\Payment\MultiShop.Payment\MultiShop.Payment.csproj", "{20134342-2684-4CD6-9A02-B2A28AF303B5}"
EndProject
Project("{2150E333-8FDC-42A3-9474-1A3956D46DE8}") = "Images", "Images", "{61B16238-C85F-4BF6-ADB0-66060A001FF2}"
EndProject
Project("{9A19103F-16F7-4668-BE54-9A1E7A4F7556}") = "MultiShop.Images", "Services\Images\MultiShop.Images\MultiShop.Images.csproj", "{DF44CEB3-22E5-4C72-B77D-5DBB8719F1C5}"
EndProject
Project("{2150E333-8FDC-42A3-9474-1A3956D46DE8}") = "Requirements", "Requirements", "{57016648-F9F6-46A9-AA79-0CF4AE5F3290}"
	ProjectSection(SolutionItems) = preProject
		LogimIndex.txt = LogimIndex.txt
		OcelotCodeExample.txt = OcelotCodeExample.txt
	EndProjectSection
EndProject
Global
	GlobalSection(SolutionConfigurationPlatforms) = preSolution
		Debug|Any CPU = Debug|Any CPU
		Release|Any CPU = Release|Any CPU
	EndGlobalSection
	GlobalSection(ProjectConfigurationPlatforms) = postSolution
		{69A874F1-C87D-4C6C-9492-812C70F28B05}.Debug|Any CPU.ActiveCfg = Debug|Any CPU
		{69A874F1-C87D-4C6C-9492-812C70F28B05}.Debug|Any CPU.Build.0 = Debug|Any CPU
		{69A874F1-C87D-4C6C-9492-812C70F28B05}.Release|Any CPU.ActiveCfg = Release|Any CPU
		{69A874F1-C87D-4C6C-9492-812C70F28B05}.Release|Any CPU.Build.0 = Release|Any CPU
		{0AE2F783-E6FC-41E8-8B4C-071FD1869AD1}.Debug|Any CPU.ActiveCfg = Debug|Any CPU
		{0AE2F783-E6FC-41E8-8B4C-071FD1869AD1}.Debug|Any CPU.Build.0 = Debug|Any CPU
		{0AE2F783-E6FC-41E8-8B4C-071FD1869AD1}.Release|Any CPU.ActiveCfg = Release|Any CPU
		{0AE2F783-E6FC-41E8-8B4C-071FD1869AD1}.Release|Any CPU.Build.0 = Release|Any CPU
		{605E6279-FAF6-4552-8C55-E0C30FCC51C7}.Debug|Any CPU.ActiveCfg = Debug|Any CPU
		{605E6279-FAF6-4552-8C55-E0C30FCC51C7}.Debug|Any CPU.Build.0 = Debug|Any CPU
		{605E6279-FAF6-4552-8C55-E0C30FCC51C7}.Release|Any CPU.ActiveCfg = Release|Any CPU
		{605E6279-FAF6-4552-8C55-E0C30FCC51C7}.Release|Any CPU.Build.0 = Release|Any CPU
		{65AC15D2-EFCB-4B4A-B399-D9A13D3E09E2}.Debug|Any CPU.ActiveCfg = Debug|Any CPU
		{65AC15D2-EFCB-4B4A-B399-D9A13D3E09E2}.Debug|Any CPU.Build.0 = Debug|Any CPU
		{65AC15D2-EFCB-4B4A-B399-D9A13D3E09E2}.Release|Any CPU.ActiveCfg = Release|Any CPU
		{65AC15D2-EFCB-4B4A-B399-D9A13D3E09E2}.Release|Any CPU.Build.0 = Release|Any CPU
		{364ABBFF-7DD1-42A1-B44E-5B6B14E19B41}.Debug|Any CPU.ActiveCfg = Debug|Any CPU
		{364ABBFF-7DD1-42A1-B44E-5B6B14E19B41}.Debug|Any CPU.Build.0 = Debug|Any CPU
		{364ABBFF-7DD1-42A1-B44E-5B6B14E19B41}.Release|Any CPU.ActiveCfg = Release|Any CPU
		{364ABBFF-7DD1-42A1-B44E-5B6B14E19B41}.Release|Any CPU.Build.0 = Release|Any CPU
		{75716309-BDD0-4401-8EAC-6E80D8D5FFF1}.Debug|Any CPU.ActiveCfg = Debug|Any CPU
		{75716309-BDD0-4401-8EAC-6E80D8D5FFF1}.Debug|Any CPU.Build.0 = Debug|Any CPU
		{75716309-BDD0-4401-8EAC-6E80D8D5FFF1}.Release|Any CPU.ActiveCfg = Release|Any CPU
		{75716309-BDD0-4401-8EAC-6E80D8D5FFF1}.Release|Any CPU.Build.0 = Release|Any CPU
		{581002A9-6A89-4156-BC81-D55ED114B28D}.Debug|Any CPU.ActiveCfg = Debug|Any CPU
		{581002A9-6A89-4156-BC81-D55ED114B28D}.Debug|Any CPU.Build.0 = Debug|Any CPU
		{581002A9-6A89-4156-BC81-D55ED114B28D}.Release|Any CPU.ActiveCfg = Release|Any CPU
		{581002A9-6A89-4156-BC81-D55ED114B28D}.Release|Any CPU.Build.0 = Release|Any CPU
		{D2B1C894-FE4C-40EB-B188-831B64FE4EAF}.Debug|Any CPU.ActiveCfg = Debug|Any CPU
		{D2B1C894-FE4C-40EB-B188-831B64FE4EAF}.Debug|Any CPU.Build.0 = Debug|Any CPU
		{D2B1C894-FE4C-40EB-B188-831B64FE4EAF}.Release|Any CPU.ActiveCfg = Release|Any CPU
		{D2B1C894-FE4C-40EB-B188-831B64FE4EAF}.Release|Any CPU.Build.0 = Release|Any CPU
		{588AE5AE-4E2B-40FF-81FD-1952CB1CD254}.Debug|Any CPU.ActiveCfg = Debug|Any CPU
		{588AE5AE-4E2B-40FF-81FD-1952CB1CD254}.Debug|Any CPU.Build.0 = Debug|Any CPU
		{588AE5AE-4E2B-40FF-81FD-1952CB1CD254}.Release|Any CPU.ActiveCfg = Release|Any CPU
		{588AE5AE-4E2B-40FF-81FD-1952CB1CD254}.Release|Any CPU.Build.0 = Release|Any CPU
		{3CD543A6-66B4-4931-8A58-3D33D31E8B88}.Debug|Any CPU.ActiveCfg = Debug|Any CPU
		{3CD543A6-66B4-4931-8A58-3D33D31E8B88}.Debug|Any CPU.Build.0 = Debug|Any CPU
		{3CD543A6-66B4-4931-8A58-3D33D31E8B88}.Release|Any CPU.ActiveCfg = Release|Any CPU
		{3CD543A6-66B4-4931-8A58-3D33D31E8B88}.Release|Any CPU.Build.0 = Release|Any CPU
		{FB1A735E-D48D-4AC3-AD35-C5F452A736C2}.Debug|Any CPU.ActiveCfg = Debug|Any CPU
		{FB1A735E-D48D-4AC3-AD35-C5F452A736C2}.Debug|Any CPU.Build.0 = Debug|Any CPU
		{FB1A735E-D48D-4AC3-AD35-C5F452A736C2}.Release|Any CPU.ActiveCfg = Release|Any CPU
		{FB1A735E-D48D-4AC3-AD35-C5F452A736C2}.Release|Any CPU.Build.0 = Release|Any CPU
		{6247D34F-3F26-4A7A-8D26-4BF532FD613F}.Debug|Any CPU.ActiveCfg = Debug|Any CPU
		{6247D34F-3F26-4A7A-8D26-4BF532FD613F}.Debug|Any CPU.Build.0 = Debug|Any CPU
		{6247D34F-3F26-4A7A-8D26-4BF532FD613F}.Release|Any CPU.ActiveCfg = Release|Any CPU
		{6247D34F-3F26-4A7A-8D26-4BF532FD613F}.Release|Any CPU.Build.0 = Release|Any CPU
		{438914EE-AC2F-4448-B3E2-D7BACEEAAFB2}.Debug|Any CPU.ActiveCfg = Debug|Any CPU
		{438914EE-AC2F-4448-B3E2-D7BACEEAAFB2}.Debug|Any CPU.Build.0 = Debug|Any CPU
		{438914EE-AC2F-4448-B3E2-D7BACEEAAFB2}.Release|Any CPU.ActiveCfg = Release|Any CPU
		{438914EE-AC2F-4448-B3E2-D7BACEEAAFB2}.Release|Any CPU.Build.0 = Release|Any CPU
		{6054254C-C0E8-46D8-9E72-D19F594C0741}.Debug|Any CPU.ActiveCfg = Debug|Any CPU
		{6054254C-C0E8-46D8-9E72-D19F594C0741}.Debug|Any CPU.Build.0 = Debug|Any CPU
		{6054254C-C0E8-46D8-9E72-D19F594C0741}.Release|Any CPU.ActiveCfg = Release|Any CPU
		{6054254C-C0E8-46D8-9E72-D19F594C0741}.Release|Any CPU.Build.0 = Release|Any CPU
		{8480EE0B-DB31-45A6-99F2-8858477CC4E4}.Debug|Any CPU.ActiveCfg = Debug|Any CPU
		{8480EE0B-DB31-45A6-99F2-8858477CC4E4}.Debug|Any CPU.Build.0 = Debug|Any CPU
		{8480EE0B-DB31-45A6-99F2-8858477CC4E4}.Release|Any CPU.ActiveCfg = Release|Any CPU
		{8480EE0B-DB31-45A6-99F2-8858477CC4E4}.Release|Any CPU.Build.0 = Release|Any CPU
		{54C0ED4E-7906-49CB-9F2B-0B3DF4FA1F59}.Debug|Any CPU.ActiveCfg = Debug|Any CPU
		{54C0ED4E-7906-49CB-9F2B-0B3DF4FA1F59}.Debug|Any CPU.Build.0 = Debug|Any CPU
		{54C0ED4E-7906-49CB-9F2B-0B3DF4FA1F59}.Release|Any CPU.ActiveCfg = Release|Any CPU
		{54C0ED4E-7906-49CB-9F2B-0B3DF4FA1F59}.Release|Any CPU.Build.0 = Release|Any CPU
		{20EA47CE-8916-4BA3-BBD4-B7F8A498BC9C}.Debug|Any CPU.ActiveCfg = Debug|Any CPU
		{20EA47CE-8916-4BA3-BBD4-B7F8A498BC9C}.Debug|Any CPU.Build.0 = Debug|Any CPU
		{20EA47CE-8916-4BA3-BBD4-B7F8A498BC9C}.Release|Any CPU.ActiveCfg = Release|Any CPU
		{20EA47CE-8916-4BA3-BBD4-B7F8A498BC9C}.Release|Any CPU.Build.0 = Release|Any CPU
		{20134342-2684-4CD6-9A02-B2A28AF303B5}.Debug|Any CPU.ActiveCfg = Debug|Any CPU
		{20134342-2684-4CD6-9A02-B2A28AF303B5}.Debug|Any CPU.Build.0 = Debug|Any CPU
		{20134342-2684-4CD6-9A02-B2A28AF303B5}.Release|Any CPU.ActiveCfg = Release|Any CPU
		{20134342-2684-4CD6-9A02-B2A28AF303B5}.Release|Any CPU.Build.0 = Release|Any CPU
		{DF44CEB3-22E5-4C72-B77D-5DBB8719F1C5}.Debug|Any CPU.ActiveCfg = Debug|Any CPU
		{DF44CEB3-22E5-4C72-B77D-5DBB8719F1C5}.Debug|Any CPU.Build.0 = Debug|Any CPU
		{DF44CEB3-22E5-4C72-B77D-5DBB8719F1C5}.Release|Any CPU.ActiveCfg = Release|Any CPU
		{DF44CEB3-22E5-4C72-B77D-5DBB8719F1C5}.Release|Any CPU.Build.0 = Release|Any CPU
	EndGlobalSection
	GlobalSection(SolutionProperties) = preSolution
		HideSolutionNode = FALSE
	EndGlobalSection
	GlobalSection(NestedProjects) = preSolution
		{8A303377-E7F7-4D6E-A1E0-52FAA56B7408} = {9B8A74E7-1864-466E-8D7E-26611FE533B6}
		{69A874F1-C87D-4C6C-9492-812C70F28B05} = {8A303377-E7F7-4D6E-A1E0-52FAA56B7408}
		{12BFA197-E03E-438B-B449-6AF6DD8826C0} = {9B8A74E7-1864-466E-8D7E-26611FE533B6}
		{0AE2F783-E6FC-41E8-8B4C-071FD1869AD1} = {12BFA197-E03E-438B-B449-6AF6DD8826C0}
		{7E33A78B-625B-4B88-ABF5-C1FEFBA947BA} = {9B8A74E7-1864-466E-8D7E-26611FE533B6}
		{871F4D6C-536E-4457-9516-9C756B55BDBE} = {7E33A78B-625B-4B88-ABF5-C1FEFBA947BA}
		{DBBA01E5-B2DF-4B0A-8E99-6A60FBB18213} = {7E33A78B-625B-4B88-ABF5-C1FEFBA947BA}
		{5AC7F97D-EBB7-48B4-939E-6320E4EB13B9} = {7E33A78B-625B-4B88-ABF5-C1FEFBA947BA}
		{605E6279-FAF6-4552-8C55-E0C30FCC51C7} = {871F4D6C-536E-4457-9516-9C756B55BDBE}
		{65AC15D2-EFCB-4B4A-B399-D9A13D3E09E2} = {871F4D6C-536E-4457-9516-9C756B55BDBE}
		{364ABBFF-7DD1-42A1-B44E-5B6B14E19B41} = {5AC7F97D-EBB7-48B4-939E-6320E4EB13B9}
		{75716309-BDD0-4401-8EAC-6E80D8D5FFF1} = {DBBA01E5-B2DF-4B0A-8E99-6A60FBB18213}
		{581002A9-6A89-4156-BC81-D55ED114B28D} = {409A0ABB-22B5-4E9A-8297-8182E3FAA20E}
		{53BC8DE9-F4DB-43E3-AACE-F43994D73F55} = {9B8A74E7-1864-466E-8D7E-26611FE533B6}
		{D2B1C894-FE4C-40EB-B188-831B64FE4EAF} = {53BC8DE9-F4DB-43E3-AACE-F43994D73F55}
		{588AE5AE-4E2B-40FF-81FD-1952CB1CD254} = {53BC8DE9-F4DB-43E3-AACE-F43994D73F55}
		{3CD543A6-66B4-4931-8A58-3D33D31E8B88} = {53BC8DE9-F4DB-43E3-AACE-F43994D73F55}
		{FB1A735E-D48D-4AC3-AD35-C5F452A736C2} = {53BC8DE9-F4DB-43E3-AACE-F43994D73F55}
		{6247D34F-3F26-4A7A-8D26-4BF532FD613F} = {53BC8DE9-F4DB-43E3-AACE-F43994D73F55}
		{6BA96F75-68EA-4C3A-B5EE-A6660A3A2E37} = {9B8A74E7-1864-466E-8D7E-26611FE533B6}
		{438914EE-AC2F-4448-B3E2-D7BACEEAAFB2} = {6BA96F75-68EA-4C3A-B5EE-A6660A3A2E37}
		{6054254C-C0E8-46D8-9E72-D19F594C0741} = {CEC33453-0C53-4660-9519-E851E7FCAB6F}
		{8480EE0B-DB31-45A6-99F2-8858477CC4E4} = {CEC33453-0C53-4660-9519-E851E7FCAB6F}
		{222C118D-7CD3-4D4A-963A-1BE1CF5061E7} = {9B8A74E7-1864-466E-8D7E-26611FE533B6}
		{54C0ED4E-7906-49CB-9F2B-0B3DF4FA1F59} = {222C118D-7CD3-4D4A-963A-1BE1CF5061E7}
		{20EA47CE-8916-4BA3-BBD4-B7F8A498BC9C} = {F7A7450F-32EA-4832-A1B6-2DAE9A28F7C6}
		{612BFE58-8596-4A04-B247-CE7836633864} = {9B8A74E7-1864-466E-8D7E-26611FE533B6}
		{20134342-2684-4CD6-9A02-B2A28AF303B5} = {612BFE58-8596-4A04-B247-CE7836633864}
		{61B16238-C85F-4BF6-ADB0-66060A001FF2} = {9B8A74E7-1864-466E-8D7E-26611FE533B6}
		{DF44CEB3-22E5-4C72-B77D-5DBB8719F1C5} = {61B16238-C85F-4BF6-ADB0-66060A001FF2}
	EndGlobalSection
	GlobalSection(ExtensibilityGlobals) = postSolution
		SolutionGuid = {3A658EFC-DEEF-4788-8894-60C2E00E639F}
	EndGlobalSection
EndGlobal
